
Microsoft Visual Studio Solution File, Format Version 12.00
# Visual Studio 15
Project("{FAE04EC0-301F-11D3-BF4B-00C04F79EFBC}") = "VRM10.Tests", "VRM10.Tests.csproj", "{9899774E-1B2C-E1DF-429B-CF708118115D}"
EndProject
Project("{FAE04EC0-301F-11D3-BF4B-00C04F79EFBC}") = "VRMShaders.VRM10.MToon10.Runtime", "VRMShaders.VRM10.MToon10.Runtime.csproj", "{FC10A01A-8C2E-0AA0-9506-AAC124D1F6AA}"
EndProject
Project("{FAE04EC0-301F-11D3-BF4B-00C04F79EFBC}") = "UniHumanoid", "UniHumanoid.csproj", "{52BF000A-74C9-5041-199B-43CD1DDA84A1}"
EndProject
Project("{FAE04EC0-301F-11D3-BF4B-00C04F79EFBC}") = "VRMShaders.GLTF.IO.Runtime", "VRMShaders.GLTF.IO.Runtime.csproj", "{626C5FC1-7A2A-82E2-68D9-4E3CB7B1D26F}"
EndProject
Project("{FAE04EC0-301F-11D3-BF4B-00C04F79EFBC}") = "Assembly-CSharp", "Assembly-CSharp.csproj", "{0EB129B2-BF98-8358-F671-29F6A8C2B25C}"
EndProject
Project("{FAE04EC0-301F-11D3-BF4B-00C04F79EFBC}") = "VRM10.Editor", "VRM10.Editor.csproj", "{75AA3AB2-40BB-CEEA-08BF-04345850D9ED}"
EndProject
Project("{FAE04EC0-301F-11D3-BF4B-00C04F79EFBC}") = "UniGLTF", "UniGLTF.csproj", "{33D694B8-7EC2-2E4B-220F-A65C189439B5}"
EndProject
Project("{FAE04EC0-301F-11D3-BF4B-00C04F79EFBC}") = "VRM", "VRM.csproj", "{1BE4FC0F-CAA9-6A68-1DDB-51493F9D653A}"
EndProject
Project("{FAE04EC0-301F-11D3-BF4B-00C04F79EFBC}") = "FastSpringBone", "FastSpringBone.csproj", "{8F5A8305-6D2F-51E4-AB13-A90368482361}"
EndProject
Project("{FAE04EC0-301F-11D3-BF4B-00C04F79EFBC}") = "VRM10", "VRM10.csproj", "{3D37DE19-64A0-8069-F994-F10A764E47DF}"
EndProject
Project("{FAE04EC0-301F-11D3-BF4B-00C04F79EFBC}") = "VRMShaders.GLTF.UniUnlit.Editor", "VRMShaders.GLTF.UniUnlit.Editor.csproj", "{BC0BFE64-4AFC-6D1E-97CC-4373CDAEFA50}"
EndProject
Project("{FAE04EC0-301F-11D3-BF4B-00C04F79EFBC}") = "UniGLTF.Tests", "UniGLTF.Tests.csproj", "{15E5D0A7-A639-ABFB-6798-82F87FF1C93B}"
EndProject
Project("{FAE04EC0-301F-11D3-BF4B-00C04F79EFBC}") = "UniGLTF.Editor", "UniGLTF.Editor.csproj", "{F446B1D6-3573-40A1-292E-15AA75E37A01}"
EndProject
Project("{FAE04EC0-301F-11D3-BF4B-00C04F79EFBC}") = "VRMShaders.GLTF.IO.Editor", "VRMShaders.GLTF.IO.Editor.csproj", "{50544978-720E-B63B-A430-348A008C3782}"
EndProject
Project("{FAE04EC0-301F-11D3-BF4B-00C04F79EFBC}") = "FastSpringBone10", "FastSpringBone10.csproj", "{2119DF2C-820E-858A-19C5-D9FE2748E44C}"
EndProject
Project("{FAE04EC0-301F-11D3-BF4B-00C04F79EFBC}") = "UniVRM.Editor", "UniVRM.Editor.csproj", "{E2367B26-D6AB-BCCE-4601-4A89774B146F}"
EndProject
Project("{FAE04EC0-301F-11D3-BF4B-00C04F79EFBC}") = "VRMShaders.GLTF.IO.Tests", "VRMShaders.GLTF.IO.Tests.csproj", "{C085D69A-5A2B-AFE8-E7C5-1291E285DA7A}"
EndProject
Project("{FAE04EC0-301F-11D3-BF4B-00C04F79EFBC}") = "VRM.Tests", "VRM.Tests.csproj", "{DEC85D67-5C1E-267D-DF58-8062545A2C3D}"
EndProject
Project("{FAE04EC0-301F-11D3-BF4B-00C04F79EFBC}") = "VrmLib", "VrmLib.csproj", "{7A883861-3F6C-D20A-B077-0BC33AB3D686}"
EndProject
Project("{FAE04EC0-301F-11D3-BF4B-00C04F79EFBC}") = "UniHumanoid.Editor", "UniHumanoid.Editor.csproj", "{3E3EDDDD-DCDA-6F2F-208A-D7083E22D7D9}"
EndProject
Project("{FAE04EC0-301F-11D3-BF4B-00C04F79EFBC}") = "MToon", "MToon.csproj", "{17C7FA99-776B-B715-A8D1-0697F4C811FF}"
EndProject
Project("{FAE04EC0-301F-11D3-BF4B-00C04F79EFBC}") = "VRM.Samples.Editor.Tests", "VRM.Samples.Editor.Tests.csproj", "{B69A96E5-CDEA-0A94-95F7-545B526412E1}"
EndProject
Project("{FAE04EC0-301F-11D3-BF4B-00C04F79EFBC}") = "VrmLibTests", "VrmLibTests.csproj", "{63F9F8AE-8181-A6D8-9299-9EA2A1FD6D78}"
EndProject
Project("{FAE04EC0-301F-11D3-BF4B-00C04F79EFBC}") = "MToon.Editor", "MToon.Editor.csproj", "{30CA8A44-A27F-5733-B820-744F32E79B6C}"
EndProject
Project("{FAE04EC0-301F-11D3-BF4B-00C04F79EFBC}") = "VRMShaders.VRM10.MToon10.Editor", "VRMShaders.VRM10.MToon10.Editor.csproj", "{FF774150-AF70-1EB8-7230-1D661093D48A}"
EndProject
Project("{FAE04EC0-301F-11D3-BF4B-00C04F79EFBC}") = "UniHumanoid.Editor.Tests", "UniHumanoid.Editor.Tests.csproj", "{E2741F74-3D4D-8E86-2758-27E61587B965}"
EndProject
Project("{FAE04EC0-301F-11D3-BF4B-00C04F79EFBC}") = "UniGLTF.Utils", "UniGLTF.Utils.csproj", "{6BB3E59F-F32A-5F5B-3EC7-E5E155BCF264}"
EndProject
Project("{FAE04EC0-301F-11D3-BF4B-00C04F79EFBC}") = "VRMShaders.VRM.IO.Runtime", "VRMShaders.VRM.IO.Runtime.csproj", "{E702AF05-9FAE-D318-2D30-BBB658FBB163}"
EndProject
Project("{FAE04EC0-301F-11D3-BF4B-00C04F79EFBC}") = "VRMShaders.VRM10.Format.Runtime", "VRMShaders.VRM10.Format.Runtime.csproj", "{246FCCD7-7F2D-EF55-23D6-ECA10D3A0F4F}"
EndProject
Project("{FAE04EC0-301F-11D3-BF4B-00C04F79EFBC}") = "VRMShaders.VRM10.MToon10.Tests", "VRMShaders.VRM10.MToon10.Tests.csproj", "{73F269C5-B715-A412-8766-63F2F32F91C9}"
EndProject
Project("{FAE04EC0-301F-11D3-BF4B-00C04F79EFBC}") = "VRMShaders.GLTF.UniUnlit.Runtime", "VRMShaders.GLTF.UniUnlit.Runtime.csproj", "{ED8ECD90-6E55-CE68-78EE-427E01DA2862}"
EndProject
Global
	GlobalSection(SolutionConfigurationPlatforms) = preSolution
		Debug|Any CPU = Debug|Any CPU
		Release|Any CPU = Release|Any CPU
	EndGlobalSection
	GlobalSection(ProjectConfigurationPlatforms) = postSolution
		{9899774E-1B2C-E1DF-429B-CF708118115D}.Debug|Any CPU.ActiveCfg = Debug|Any CPU
		{9899774E-1B2C-E1DF-429B-CF708118115D}.Debug|Any CPU.Build.0 = Debug|Any CPU
		{9899774E-1B2C-E1DF-429B-CF708118115D}.Release|Any CPU.ActiveCfg = Release|Any CPU
		{9899774E-1B2C-E1DF-429B-CF708118115D}.Release|Any CPU.Build.0 = Release|Any CPU
		{FC10A01A-8C2E-0AA0-9506-AAC124D1F6AA}.Debug|Any CPU.ActiveCfg = Debug|Any CPU
		{FC10A01A-8C2E-0AA0-9506-AAC124D1F6AA}.Debug|Any CPU.Build.0 = Debug|Any CPU
		{FC10A01A-8C2E-0AA0-9506-AAC124D1F6AA}.Release|Any CPU.ActiveCfg = Release|Any CPU
		{FC10A01A-8C2E-0AA0-9506-AAC124D1F6AA}.Release|Any CPU.Build.0 = Release|Any CPU
		{52BF000A-74C9-5041-199B-43CD1DDA84A1}.Debug|Any CPU.ActiveCfg = Debug|Any CPU
		{52BF000A-74C9-5041-199B-43CD1DDA84A1}.Debug|Any CPU.Build.0 = Debug|Any CPU
		{52BF000A-74C9-5041-199B-43CD1DDA84A1}.Release|Any CPU.ActiveCfg = Release|Any CPU
		{52BF000A-74C9-5041-199B-43CD1DDA84A1}.Release|Any CPU.Build.0 = Release|Any CPU
		{626C5FC1-7A2A-82E2-68D9-4E3CB7B1D26F}.Debug|Any CPU.ActiveCfg = Debug|Any CPU
		{626C5FC1-7A2A-82E2-68D9-4E3CB7B1D26F}.Debug|Any CPU.Build.0 = Debug|Any CPU
		{626C5FC1-7A2A-82E2-68D9-4E3CB7B1D26F}.Release|Any CPU.ActiveCfg = Release|Any CPU
		{626C5FC1-7A2A-82E2-68D9-4E3CB7B1D26F}.Release|Any CPU.Build.0 = Release|Any CPU
		{0EB129B2-BF98-8358-F671-29F6A8C2B25C}.Debug|Any CPU.ActiveCfg = Debug|Any CPU
		{0EB129B2-BF98-8358-F671-29F6A8C2B25C}.Debug|Any CPU.Build.0 = Debug|Any CPU
		{0EB129B2-BF98-8358-F671-29F6A8C2B25C}.Release|Any CPU.ActiveCfg = Release|Any CPU
		{0EB129B2-BF98-8358-F671-29F6A8C2B25C}.Release|Any CPU.Build.0 = Release|Any CPU
		{75AA3AB2-40BB-CEEA-08BF-04345850D9ED}.Debug|Any CPU.ActiveCfg = Debug|Any CPU
		{75AA3AB2-40BB-CEEA-08BF-04345850D9ED}.Debug|Any CPU.Build.0 = Debug|Any CPU
		{75AA3AB2-40BB-CEEA-08BF-04345850D9ED}.Release|Any CPU.ActiveCfg = Release|Any CPU
		{75AA3AB2-40BB-CEEA-08BF-04345850D9ED}.Release|Any CPU.Build.0 = Release|Any CPU
		{33D694B8-7EC2-2E4B-220F-A65C189439B5}.Debug|Any CPU.ActiveCfg = Debug|Any CPU
		{33D694B8-7EC2-2E4B-220F-A65C189439B5}.Debug|Any CPU.Build.0 = Debug|Any CPU
		{33D694B8-7EC2-2E4B-220F-A65C189439B5}.Release|Any CPU.ActiveCfg = Release|Any CPU
		{33D694B8-7EC2-2E4B-220F-A65C189439B5}.Release|Any CPU.Build.0 = Release|Any CPU
		{1BE4FC0F-CAA9-6A68-1DDB-51493F9D653A}.Debug|Any CPU.ActiveCfg = Debug|Any CPU
		{1BE4FC0F-CAA9-6A68-1DDB-51493F9D653A}.Debug|Any CPU.Build.0 = Debug|Any CPU
		{1BE4FC0F-CAA9-6A68-1DDB-51493F9D653A}.Release|Any CPU.ActiveCfg = Release|Any CPU
		{1BE4FC0F-CAA9-6A68-1DDB-51493F9D653A}.Release|Any CPU.Build.0 = Release|Any CPU
		{8F5A8305-6D2F-51E4-AB13-A90368482361}.Debug|Any CPU.ActiveCfg = Debug|Any CPU
		{8F5A8305-6D2F-51E4-AB13-A90368482361}.Debug|Any CPU.Build.0 = Debug|Any CPU
		{8F5A8305-6D2F-51E4-AB13-A90368482361}.Release|Any CPU.ActiveCfg = Release|Any CPU
		{8F5A8305-6D2F-51E4-AB13-A90368482361}.Release|Any CPU.Build.0 = Release|Any CPU
		{3D37DE19-64A0-8069-F994-F10A764E47DF}.Debug|Any CPU.ActiveCfg = Debug|Any CPU
		{3D37DE19-64A0-8069-F994-F10A764E47DF}.Debug|Any CPU.Build.0 = Debug|Any CPU
		{3D37DE19-64A0-8069-F994-F10A764E47DF}.Release|Any CPU.ActiveCfg = Release|Any CPU
		{3D37DE19-64A0-8069-F994-F10A764E47DF}.Release|Any CPU.Build.0 = Release|Any CPU
		{BC0BFE64-4AFC-6D1E-97CC-4373CDAEFA50}.Debug|Any CPU.ActiveCfg = Debug|Any CPU
		{BC0BFE64-4AFC-6D1E-97CC-4373CDAEFA50}.Debug|Any CPU.Build.0 = Debug|Any CPU
		{BC0BFE64-4AFC-6D1E-97CC-4373CDAEFA50}.Release|Any CPU.ActiveCfg = Release|Any CPU
		{BC0BFE64-4AFC-6D1E-97CC-4373CDAEFA50}.Release|Any CPU.Build.0 = Release|Any CPU
		{15E5D0A7-A639-ABFB-6798-82F87FF1C93B}.Debug|Any CPU.ActiveCfg = Debug|Any CPU
		{15E5D0A7-A639-ABFB-6798-82F87FF1C93B}.Debug|Any CPU.Build.0 = Debug|Any CPU
		{15E5D0A7-A639-ABFB-6798-82F87FF1C93B}.Release|Any CPU.ActiveCfg = Release|Any CPU
		{15E5D0A7-A639-ABFB-6798-82F87FF1C93B}.Release|Any CPU.Build.0 = Release|Any CPU
		{F446B1D6-3573-40A1-292E-15AA75E37A01}.Debug|Any CPU.ActiveCfg = Debug|Any CPU
		{F446B1D6-3573-40A1-292E-15AA75E37A01}.Debug|Any CPU.Build.0 = Debug|Any CPU
		{F446B1D6-3573-40A1-292E-15AA75E37A01}.Release|Any CPU.ActiveCfg = Release|Any CPU
		{F446B1D6-3573-40A1-292E-15AA75E37A01}.Release|Any CPU.Build.0 = Release|Any CPU
		{50544978-720E-B63B-A430-348A008C3782}.Debug|Any CPU.ActiveCfg = Debug|Any CPU
		{50544978-720E-B63B-A430-348A008C3782}.Debug|Any CPU.Build.0 = Debug|Any CPU
		{50544978-720E-B63B-A430-348A008C3782}.Release|Any CPU.ActiveCfg = Release|Any CPU
		{50544978-720E-B63B-A430-348A008C3782}.Release|Any CPU.Build.0 = Release|Any CPU
		{2119DF2C-820E-858A-19C5-D9FE2748E44C}.Debug|Any CPU.ActiveCfg = Debug|Any CPU
		{2119DF2C-820E-858A-19C5-D9FE2748E44C}.Debug|Any CPU.Build.0 = Debug|Any CPU
		{2119DF2C-820E-858A-19C5-D9FE2748E44C}.Release|Any CPU.ActiveCfg = Release|Any CPU
		{2119DF2C-820E-858A-19C5-D9FE2748E44C}.Release|Any CPU.Build.0 = Release|Any CPU
		{E2367B26-D6AB-BCCE-4601-4A89774B146F}.Debug|Any CPU.ActiveCfg = Debug|Any CPU
		{E2367B26-D6AB-BCCE-4601-4A89774B146F}.Debug|Any CPU.Build.0 = Debug|Any CPU
		{E2367B26-D6AB-BCCE-4601-4A89774B146F}.Release|Any CPU.ActiveCfg = Release|Any CPU
		{E2367B26-D6AB-BCCE-4601-4A89774B146F}.Release|Any CPU.Build.0 = Release|Any CPU
		{C085D69A-5A2B-AFE8-E7C5-1291E285DA7A}.Debug|Any CPU.ActiveCfg = Debug|Any CPU
		{C085D69A-5A2B-AFE8-E7C5-1291E285DA7A}.Debug|Any CPU.Build.0 = Debug|Any CPU
		{C085D69A-5A2B-AFE8-E7C5-1291E285DA7A}.Release|Any CPU.ActiveCfg = Release|Any CPU
		{C085D69A-5A2B-AFE8-E7C5-1291E285DA7A}.Release|Any CPU.Build.0 = Release|Any CPU
		{DEC85D67-5C1E-267D-DF58-8062545A2C3D}.Debug|Any CPU.ActiveCfg = Debug|Any CPU
		{DEC85D67-5C1E-267D-DF58-8062545A2C3D}.Debug|Any CPU.Build.0 = Debug|Any CPU
		{DEC85D67-5C1E-267D-DF58-8062545A2C3D}.Release|Any CPU.ActiveCfg = Release|Any CPU
		{DEC85D67-5C1E-267D-DF58-8062545A2C3D}.Release|Any CPU.Build.0 = Release|Any CPU
		{7A883861-3F6C-D20A-B077-0BC33AB3D686}.Debug|Any CPU.ActiveCfg = Debug|Any CPU
		{7A883861-3F6C-D20A-B077-0BC33AB3D686}.Debug|Any CPU.Build.0 = Debug|Any CPU
		{7A883861-3F6C-D20A-B077-0BC33AB3D686}.Release|Any CPU.ActiveCfg = Release|Any CPU
		{7A883861-3F6C-D20A-B077-0BC33AB3D686}.Release|Any CPU.Build.0 = Release|Any CPU
		{3E3EDDDD-DCDA-6F2F-208A-D7083E22D7D9}.Debug|Any CPU.ActiveCfg = Debug|Any CPU
		{3E3EDDDD-DCDA-6F2F-208A-D7083E22D7D9}.Debug|Any CPU.Build.0 = Debug|Any CPU
		{3E3EDDDD-DCDA-6F2F-208A-D7083E22D7D9}.Release|Any CPU.ActiveCfg = Release|Any CPU
		{3E3EDDDD-DCDA-6F2F-208A-D7083E22D7D9}.Release|Any CPU.Build.0 = Release|Any CPU
		{17C7FA99-776B-B715-A8D1-0697F4C811FF}.Debug|Any CPU.ActiveCfg = Debug|Any CPU
		{17C7FA99-776B-B715-A8D1-0697F4C811FF}.Debug|Any CPU.Build.0 = Debug|Any CPU
		{17C7FA99-776B-B715-A8D1-0697F4C811FF}.Release|Any CPU.ActiveCfg = Release|Any CPU
		{17C7FA99-776B-B715-A8D1-0697F4C811FF}.Release|Any CPU.Build.0 = Release|Any CPU
		{B69A96E5-CDEA-0A94-95F7-545B526412E1}.Debug|Any CPU.ActiveCfg = Debug|Any CPU
		{B69A96E5-CDEA-0A94-95F7-545B526412E1}.Debug|Any CPU.Build.0 = Debug|Any CPU
		{B69A96E5-CDEA-0A94-95F7-545B526412E1}.Release|Any CPU.ActiveCfg = Release|Any CPU
		{B69A96E5-CDEA-0A94-95F7-545B526412E1}.Release|Any CPU.Build.0 = Release|Any CPU
		{63F9F8AE-8181-A6D8-9299-9EA2A1FD6D78}.Debug|Any CPU.ActiveCfg = Debug|Any CPU
		{63F9F8AE-8181-A6D8-9299-9EA2A1FD6D78}.Debug|Any CPU.Build.0 = Debug|Any CPU
		{63F9F8AE-8181-A6D8-9299-9EA2A1FD6D78}.Release|Any CPU.ActiveCfg = Release|Any CPU
		{63F9F8AE-8181-A6D8-9299-9EA2A1FD6D78}.Release|Any CPU.Build.0 = Release|Any CPU
		{30CA8A44-A27F-5733-B820-744F32E79B6C}.Debug|Any CPU.ActiveCfg = Debug|Any CPU
		{30CA8A44-A27F-5733-B820-744F32E79B6C}.Debug|Any CPU.Build.0 = Debug|Any CPU
		{30CA8A44-A27F-5733-B820-744F32E79B6C}.Release|Any CPU.ActiveCfg = Release|Any CPU
		{30CA8A44-A27F-5733-B820-744F32E79B6C}.Release|Any CPU.Build.0 = Release|Any CPU
		{FF774150-AF70-1EB8-7230-1D661093D48A}.Debug|Any CPU.ActiveCfg = Debug|Any CPU
		{FF774150-AF70-1EB8-7230-1D661093D48A}.Debug|Any CPU.Build.0 = Debug|Any CPU
		{FF774150-AF70-1EB8-7230-1D661093D48A}.Release|Any CPU.ActiveCfg = Release|Any CPU
		{FF774150-AF70-1EB8-7230-1D661093D48A}.Release|Any CPU.Build.0 = Release|Any CPU
		{E2741F74-3D4D-8E86-2758-27E61587B965}.Debug|Any CPU.ActiveCfg = Debug|Any CPU
		{E2741F74-3D4D-8E86-2758-27E61587B965}.Debug|Any CPU.Build.0 = Debug|Any CPU
		{E2741F74-3D4D-8E86-2758-27E61587B965}.Release|Any CPU.ActiveCfg = Release|Any CPU
		{E2741F74-3D4D-8E86-2758-27E61587B965}.Release|Any CPU.Build.0 = Release|Any CPU
		{6BB3E59F-F32A-5F5B-3EC7-E5E155BCF264}.Debug|Any CPU.ActiveCfg = Debug|Any CPU
		{6BB3E59F-F32A-5F5B-3EC7-E5E155BCF264}.Debug|Any CPU.Build.0 = Debug|Any CPU
		{6BB3E59F-F32A-5F5B-3EC7-E5E155BCF264}.Release|Any CPU.ActiveCfg = Release|Any CPU
		{6BB3E59F-F32A-5F5B-3EC7-E5E155BCF264}.Release|Any CPU.Build.0 = Release|Any CPU
		{E702AF05-9FAE-D318-2D30-BBB658FBB163}.Debug|Any CPU.ActiveCfg = Debug|Any CPU
		{E702AF05-9FAE-D318-2D30-BBB658FBB163}.Debug|Any CPU.Build.0 = Debug|Any CPU
		{E702AF05-9FAE-D318-2D30-BBB658FBB163}.Release|Any CPU.ActiveCfg = Release|Any CPU
		{E702AF05-9FAE-D318-2D30-BBB658FBB163}.Release|Any CPU.Build.0 = Release|Any CPU
		{246FCCD7-7F2D-EF55-23D6-ECA10D3A0F4F}.Debug|Any CPU.ActiveCfg = Debug|Any CPU
		{246FCCD7-7F2D-EF55-23D6-ECA10D3A0F4F}.Debug|Any CPU.Build.0 = Debug|Any CPU
		{246FCCD7-7F2D-EF55-23D6-ECA10D3A0F4F}.Release|Any CPU.ActiveCfg = Release|Any CPU
		{246FCCD7-7F2D-EF55-23D6-ECA10D3A0F4F}.Release|Any CPU.Build.0 = Release|Any CPU
		{73F269C5-B715-A412-8766-63F2F32F91C9}.Debug|Any CPU.ActiveCfg = Debug|Any CPU
		{73F269C5-B715-A412-8766-63F2F32F91C9}.Debug|Any CPU.Build.0 = Debug|Any CPU
		{73F269C5-B715-A412-8766-63F2F32F91C9}.Release|Any CPU.ActiveCfg = Release|Any CPU
		{73F269C5-B715-A412-8766-63F2F32F91C9}.Release|Any CPU.Build.0 = Release|Any CPU
		{ED8ECD90-6E55-CE68-78EE-427E01DA2862}.Debug|Any CPU.ActiveCfg = Debug|Any CPU
		{ED8ECD90-6E55-CE68-78EE-427E01DA2862}.Debug|Any CPU.Build.0 = Debug|Any CPU
		{ED8ECD90-6E55-CE68-78EE-427E01DA2862}.Release|Any CPU.ActiveCfg = Release|Any CPU
		{ED8ECD90-6E55-CE68-78EE-427E01DA2862}.Release|Any CPU.Build.0 = Release|Any CPU
	EndGlobalSection
	GlobalSection(SolutionProperties) = preSolution
		HideSolutionNode = FALSE
	EndGlobalSection
EndGlobal
