
Microsoft Visual Studio Solution File, Format Version 12.00
# Visual Studio 15
Project("{FAE04EC0-301F-11D3-BF4B-00C04F79EFBC}") = "VRM10.Tests", "VRM10.Tests.csproj", "{5003FE59-0E24-C827-F5E5-7E88577265E8}"
EndProject
Project("{FAE04EC0-301F-11D3-BF4B-00C04F79EFBC}") = "VRMShaders.VRM10.MToon10.Runtime", "VRMShaders.VRM10.MToon10.Runtime.csproj", "{393FE803-358C-9B02-EA0C-DE2A9C793046}"
EndProject
Project("{FAE04EC0-301F-11D3-BF4B-00C04F79EFBC}") = "UniHumanoid", "UniHumanoid.csproj", "{0A1A3511-A4BC-0B8C-9F21-F86AD28EDD35}"
EndProject
Project("{FAE04EC0-301F-11D3-BF4B-00C04F79EFBC}") = "VRMShaders.GLTF.IO.Runtime", "VRMShaders.GLTF.IO.Runtime.csproj", "{8A9451B1-29D0-9549-13B4-59CFB84903B5}"
EndProject
Project("{FAE04EC0-301F-11D3-BF4B-00C04F79EFBC}") = "Assembly-CSharp", "Assembly-CSharp.csproj", "{8E98CAC7-DC37-B997-1ECA-3E97AC53CD0D}"
EndProject
Project("{FAE04EC0-301F-11D3-BF4B-00C04F79EFBC}") = "VRM10.Editor", "VRM10.Editor.csproj", "{DEB4B9B5-DD1A-6A11-8F60-CF36C19F7E33}"
EndProject
Project("{FAE04EC0-301F-11D3-BF4B-00C04F79EFBC}") = "UniGLTF", "UniGLTF.csproj", "{A4AADED1-9143-559E-0223-847CD44BB5D2}"
EndProject
Project("{FAE04EC0-301F-11D3-BF4B-00C04F79EFBC}") = "VRM", "VRM.csproj", "{A5296F34-1905-A669-1563-5AB94C802A59}"
EndProject
Project("{FAE04EC0-301F-11D3-BF4B-00C04F79EFBC}") = "FastSpringBone", "FastSpringBone.csproj", "{2F7E26F2-8BC9-6484-2196-FF25A0C84C03}"
EndProject
Project("{FAE04EC0-301F-11D3-BF4B-00C04F79EFBC}") = "VRM10", "VRM10.csproj", "{6EEA8080-D136-7762-6325-20EBE02FEBE1}"
EndProject
Project("{FAE04EC0-301F-11D3-BF4B-00C04F79EFBC}") = "VRMShaders.GLTF.UniUnlit.Editor", "VRMShaders.GLTF.UniUnlit.Editor.csproj", "{7D6F4F0B-5D40-C583-E5B0-7F88F006B91C}"
EndProject
Project("{FAE04EC0-301F-11D3-BF4B-00C04F79EFBC}") = "UniGLTF.Tests", "UniGLTF.Tests.csproj", "{093A2B01-5C48-C75E-1240-C7E079679192}"
EndProject
Project("{FAE04EC0-301F-11D3-BF4B-00C04F79EFBC}") = "UniGLTF.Editor", "UniGLTF.Editor.csproj", "{9AFA0B73-B59D-1E34-8481-663648C1114D}"
EndProject
Project("{FAE04EC0-301F-11D3-BF4B-00C04F79EFBC}") = "VRMShaders.GLTF.IO.Editor", "VRMShaders.GLTF.IO.Editor.csproj", "{1E20B258-9EDA-F947-96F6-9F41936427AD}"
EndProject
Project("{FAE04EC0-301F-11D3-BF4B-00C04F79EFBC}") = "FastSpringBone10", "FastSpringBone10.csproj", "{32223788-FE21-0118-D388-F6517DF4AAC2}"
EndProject
Project("{FAE04EC0-301F-11D3-BF4B-00C04F79EFBC}") = "UniVRM.Editor", "UniVRM.Editor.csproj", "{B78FA3E2-D24C-8429-3D9E-0F50BB6FC889}"
EndProject
Project("{FAE04EC0-301F-11D3-BF4B-00C04F79EFBC}") = "VRMShaders.GLTF.IO.Tests", "VRMShaders.GLTF.IO.Tests.csproj", "{5B07533C-D0F2-09EF-60CD-EF6D922B824F}"
EndProject
Project("{FAE04EC0-301F-11D3-BF4B-00C04F79EFBC}") = "VRM.Tests", "VRM.Tests.csproj", "{59BEBED1-92EF-B6BC-E6C8-D8EE83F09438}"
EndProject
Project("{FAE04EC0-301F-11D3-BF4B-00C04F79EFBC}") = "VrmLib", "VrmLib.csproj", "{5E484AA8-112C-93F4-47E6-F7AACA369ECD}"
EndProject
Project("{FAE04EC0-301F-11D3-BF4B-00C04F79EFBC}") = "UniHumanoid.Editor", "UniHumanoid.Editor.csproj", "{019FE958-6DFB-C236-9AE8-99F1F7AF7A9B}"
EndProject
Project("{FAE04EC0-301F-11D3-BF4B-00C04F79EFBC}") = "MToon", "MToon.csproj", "{7B82FBD9-FF8C-E46E-52E7-DE0A95BC7AD8}"
EndProject
Project("{FAE04EC0-301F-11D3-BF4B-00C04F79EFBC}") = "VRM.Samples.Editor.Tests", "VRM.Samples.Editor.Tests.csproj", "{24AE8A6C-75E3-77BA-DBD7-07CF884112D0}"
EndProject
Project("{FAE04EC0-301F-11D3-BF4B-00C04F79EFBC}") = "VrmLibTests", "VrmLibTests.csproj", "{BBE3B2B2-D32B-9260-22A6-89C6E55EBDB1}"
EndProject
Project("{FAE04EC0-301F-11D3-BF4B-00C04F79EFBC}") = "MToon.Editor", "MToon.Editor.csproj", "{D7258E7F-DB2E-4CFB-F39C-697E6F9C05D7}"
EndProject
Project("{FAE04EC0-301F-11D3-BF4B-00C04F79EFBC}") = "VRMShaders.VRM10.MToon10.Editor", "VRMShaders.VRM10.MToon10.Editor.csproj", "{442BA6D9-2FBB-4A59-5025-2EED30B3F55B}"
EndProject
Project("{FAE04EC0-301F-11D3-BF4B-00C04F79EFBC}") = "UniHumanoid.Editor.Tests", "UniHumanoid.Editor.Tests.csproj", "{68F4A568-93EB-4A3F-5C47-5AA28C24971A}"
EndProject
Project("{FAE04EC0-301F-11D3-BF4B-00C04F79EFBC}") = "UniGLTF.Utils", "UniGLTF.Utils.csproj", "{F80181EA-919E-EF09-6B6E-E0621438412A}"
EndProject
Project("{FAE04EC0-301F-11D3-BF4B-00C04F79EFBC}") = "VRMShaders.VRM.IO.Runtime", "VRMShaders.VRM.IO.Runtime.csproj", "{360713CE-EF80-E318-2754-B00CE1F8338D}"
EndProject
Project("{FAE04EC0-301F-11D3-BF4B-00C04F79EFBC}") = "VRMShaders.VRM10.Format.Runtime", "VRMShaders.VRM10.Format.Runtime.csproj", "{3FED0635-DEC0-C80C-6C7A-52F3AEABFE27}"
EndProject
Project("{FAE04EC0-301F-11D3-BF4B-00C04F79EFBC}") = "VRMShaders.VRM10.MToon10.Tests", "VRMShaders.VRM10.MToon10.Tests.csproj", "{F1B38F5B-AE6F-E42B-77D6-57755F5A82B9}"
EndProject
Project("{FAE04EC0-301F-11D3-BF4B-00C04F79EFBC}") = "VRMShaders.GLTF.UniUnlit.Runtime", "VRMShaders.GLTF.UniUnlit.Runtime.csproj", "{99AEB5E1-9B34-F1BD-5344-AA01E1A03761}"
EndProject
Global
	GlobalSection(SolutionConfigurationPlatforms) = preSolution
		Debug|Any CPU = Debug|Any CPU
		Release|Any CPU = Release|Any CPU
	EndGlobalSection
	GlobalSection(ProjectConfigurationPlatforms) = postSolution
		{5003FE59-0E24-C827-F5E5-7E88577265E8}.Debug|Any CPU.ActiveCfg = Debug|Any CPU
		{5003FE59-0E24-C827-F5E5-7E88577265E8}.Debug|Any CPU.Build.0 = Debug|Any CPU
		{5003FE59-0E24-C827-F5E5-7E88577265E8}.Release|Any CPU.ActiveCfg = Release|Any CPU
		{5003FE59-0E24-C827-F5E5-7E88577265E8}.Release|Any CPU.Build.0 = Release|Any CPU
		{393FE803-358C-9B02-EA0C-DE2A9C793046}.Debug|Any CPU.ActiveCfg = Debug|Any CPU
		{393FE803-358C-9B02-EA0C-DE2A9C793046}.Debug|Any CPU.Build.0 = Debug|Any CPU
		{393FE803-358C-9B02-EA0C-DE2A9C793046}.Release|Any CPU.ActiveCfg = Release|Any CPU
		{393FE803-358C-9B02-EA0C-DE2A9C793046}.Release|Any CPU.Build.0 = Release|Any CPU
		{0A1A3511-A4BC-0B8C-9F21-F86AD28EDD35}.Debug|Any CPU.ActiveCfg = Debug|Any CPU
		{0A1A3511-A4BC-0B8C-9F21-F86AD28EDD35}.Debug|Any CPU.Build.0 = Debug|Any CPU
		{0A1A3511-A4BC-0B8C-9F21-F86AD28EDD35}.Release|Any CPU.ActiveCfg = Release|Any CPU
		{0A1A3511-A4BC-0B8C-9F21-F86AD28EDD35}.Release|Any CPU.Build.0 = Release|Any CPU
		{8A9451B1-29D0-9549-13B4-59CFB84903B5}.Debug|Any CPU.ActiveCfg = Debug|Any CPU
		{8A9451B1-29D0-9549-13B4-59CFB84903B5}.Debug|Any CPU.Build.0 = Debug|Any CPU
		{8A9451B1-29D0-9549-13B4-59CFB84903B5}.Release|Any CPU.ActiveCfg = Release|Any CPU
		{8A9451B1-29D0-9549-13B4-59CFB84903B5}.Release|Any CPU.Build.0 = Release|Any CPU
		{8E98CAC7-DC37-B997-1ECA-3E97AC53CD0D}.Debug|Any CPU.ActiveCfg = Debug|Any CPU
		{8E98CAC7-DC37-B997-1ECA-3E97AC53CD0D}.Debug|Any CPU.Build.0 = Debug|Any CPU
		{8E98CAC7-DC37-B997-1ECA-3E97AC53CD0D}.Release|Any CPU.ActiveCfg = Release|Any CPU
		{8E98CAC7-DC37-B997-1ECA-3E97AC53CD0D}.Release|Any CPU.Build.0 = Release|Any CPU
		{DEB4B9B5-DD1A-6A11-8F60-CF36C19F7E33}.Debug|Any CPU.ActiveCfg = Debug|Any CPU
		{DEB4B9B5-DD1A-6A11-8F60-CF36C19F7E33}.Debug|Any CPU.Build.0 = Debug|Any CPU
		{DEB4B9B5-DD1A-6A11-8F60-CF36C19F7E33}.Release|Any CPU.ActiveCfg = Release|Any CPU
		{DEB4B9B5-DD1A-6A11-8F60-CF36C19F7E33}.Release|Any CPU.Build.0 = Release|Any CPU
		{A4AADED1-9143-559E-0223-847CD44BB5D2}.Debug|Any CPU.ActiveCfg = Debug|Any CPU
		{A4AADED1-9143-559E-0223-847CD44BB5D2}.Debug|Any CPU.Build.0 = Debug|Any CPU
		{A4AADED1-9143-559E-0223-847CD44BB5D2}.Release|Any CPU.ActiveCfg = Release|Any CPU
		{A4AADED1-9143-559E-0223-847CD44BB5D2}.Release|Any CPU.Build.0 = Release|Any CPU
		{A5296F34-1905-A669-1563-5AB94C802A59}.Debug|Any CPU.ActiveCfg = Debug|Any CPU
		{A5296F34-1905-A669-1563-5AB94C802A59}.Debug|Any CPU.Build.0 = Debug|Any CPU
		{A5296F34-1905-A669-1563-5AB94C802A59}.Release|Any CPU.ActiveCfg = Release|Any CPU
		{A5296F34-1905-A669-1563-5AB94C802A59}.Release|Any CPU.Build.0 = Release|Any CPU
		{2F7E26F2-8BC9-6484-2196-FF25A0C84C03}.Debug|Any CPU.ActiveCfg = Debug|Any CPU
		{2F7E26F2-8BC9-6484-2196-FF25A0C84C03}.Debug|Any CPU.Build.0 = Debug|Any CPU
		{2F7E26F2-8BC9-6484-2196-FF25A0C84C03}.Release|Any CPU.ActiveCfg = Release|Any CPU
		{2F7E26F2-8BC9-6484-2196-FF25A0C84C03}.Release|Any CPU.Build.0 = Release|Any CPU
		{6EEA8080-D136-7762-6325-20EBE02FEBE1}.Debug|Any CPU.ActiveCfg = Debug|Any CPU
		{6EEA8080-D136-7762-6325-20EBE02FEBE1}.Debug|Any CPU.Build.0 = Debug|Any CPU
		{6EEA8080-D136-7762-6325-20EBE02FEBE1}.Release|Any CPU.ActiveCfg = Release|Any CPU
		{6EEA8080-D136-7762-6325-20EBE02FEBE1}.Release|Any CPU.Build.0 = Release|Any CPU
		{7D6F4F0B-5D40-C583-E5B0-7F88F006B91C}.Debug|Any CPU.ActiveCfg = Debug|Any CPU
		{7D6F4F0B-5D40-C583-E5B0-7F88F006B91C}.Debug|Any CPU.Build.0 = Debug|Any CPU
		{7D6F4F0B-5D40-C583-E5B0-7F88F006B91C}.Release|Any CPU.ActiveCfg = Release|Any CPU
		{7D6F4F0B-5D40-C583-E5B0-7F88F006B91C}.Release|Any CPU.Build.0 = Release|Any CPU
		{093A2B01-5C48-C75E-1240-C7E079679192}.Debug|Any CPU.ActiveCfg = Debug|Any CPU
		{093A2B01-5C48-C75E-1240-C7E079679192}.Debug|Any CPU.Build.0 = Debug|Any CPU
		{093A2B01-5C48-C75E-1240-C7E079679192}.Release|Any CPU.ActiveCfg = Release|Any CPU
		{093A2B01-5C48-C75E-1240-C7E079679192}.Release|Any CPU.Build.0 = Release|Any CPU
		{9AFA0B73-B59D-1E34-8481-663648C1114D}.Debug|Any CPU.ActiveCfg = Debug|Any CPU
		{9AFA0B73-B59D-1E34-8481-663648C1114D}.Debug|Any CPU.Build.0 = Debug|Any CPU
		{9AFA0B73-B59D-1E34-8481-663648C1114D}.Release|Any CPU.ActiveCfg = Release|Any CPU
		{9AFA0B73-B59D-1E34-8481-663648C1114D}.Release|Any CPU.Build.0 = Release|Any CPU
		{1E20B258-9EDA-F947-96F6-9F41936427AD}.Debug|Any CPU.ActiveCfg = Debug|Any CPU
		{1E20B258-9EDA-F947-96F6-9F41936427AD}.Debug|Any CPU.Build.0 = Debug|Any CPU
		{1E20B258-9EDA-F947-96F6-9F41936427AD}.Release|Any CPU.ActiveCfg = Release|Any CPU
		{1E20B258-9EDA-F947-96F6-9F41936427AD}.Release|Any CPU.Build.0 = Release|Any CPU
		{32223788-FE21-0118-D388-F6517DF4AAC2}.Debug|Any CPU.ActiveCfg = Debug|Any CPU
		{32223788-FE21-0118-D388-F6517DF4AAC2}.Debug|Any CPU.Build.0 = Debug|Any CPU
		{32223788-FE21-0118-D388-F6517DF4AAC2}.Release|Any CPU.ActiveCfg = Release|Any CPU
		{32223788-FE21-0118-D388-F6517DF4AAC2}.Release|Any CPU.Build.0 = Release|Any CPU
		{B78FA3E2-D24C-8429-3D9E-0F50BB6FC889}.Debug|Any CPU.ActiveCfg = Debug|Any CPU
		{B78FA3E2-D24C-8429-3D9E-0F50BB6FC889}.Debug|Any CPU.Build.0 = Debug|Any CPU
		{B78FA3E2-D24C-8429-3D9E-0F50BB6FC889}.Release|Any CPU.ActiveCfg = Release|Any CPU
		{B78FA3E2-D24C-8429-3D9E-0F50BB6FC889}.Release|Any CPU.Build.0 = Release|Any CPU
		{5B07533C-D0F2-09EF-60CD-EF6D922B824F}.Debug|Any CPU.ActiveCfg = Debug|Any CPU
		{5B07533C-D0F2-09EF-60CD-EF6D922B824F}.Debug|Any CPU.Build.0 = Debug|Any CPU
		{5B07533C-D0F2-09EF-60CD-EF6D922B824F}.Release|Any CPU.ActiveCfg = Release|Any CPU
		{5B07533C-D0F2-09EF-60CD-EF6D922B824F}.Release|Any CPU.Build.0 = Release|Any CPU
		{59BEBED1-92EF-B6BC-E6C8-D8EE83F09438}.Debug|Any CPU.ActiveCfg = Debug|Any CPU
		{59BEBED1-92EF-B6BC-E6C8-D8EE83F09438}.Debug|Any CPU.Build.0 = Debug|Any CPU
		{59BEBED1-92EF-B6BC-E6C8-D8EE83F09438}.Release|Any CPU.ActiveCfg = Release|Any CPU
		{59BEBED1-92EF-B6BC-E6C8-D8EE83F09438}.Release|Any CPU.Build.0 = Release|Any CPU
		{5E484AA8-112C-93F4-47E6-F7AACA369ECD}.Debug|Any CPU.ActiveCfg = Debug|Any CPU
		{5E484AA8-112C-93F4-47E6-F7AACA369ECD}.Debug|Any CPU.Build.0 = Debug|Any CPU
		{5E484AA8-112C-93F4-47E6-F7AACA369ECD}.Release|Any CPU.ActiveCfg = Release|Any CPU
		{5E484AA8-112C-93F4-47E6-F7AACA369ECD}.Release|Any CPU.Build.0 = Release|Any CPU
		{019FE958-6DFB-C236-9AE8-99F1F7AF7A9B}.Debug|Any CPU.ActiveCfg = Debug|Any CPU
		{019FE958-6DFB-C236-9AE8-99F1F7AF7A9B}.Debug|Any CPU.Build.0 = Debug|Any CPU
		{019FE958-6DFB-C236-9AE8-99F1F7AF7A9B}.Release|Any CPU.ActiveCfg = Release|Any CPU
		{019FE958-6DFB-C236-9AE8-99F1F7AF7A9B}.Release|Any CPU.Build.0 = Release|Any CPU
		{7B82FBD9-FF8C-E46E-52E7-DE0A95BC7AD8}.Debug|Any CPU.ActiveCfg = Debug|Any CPU
		{7B82FBD9-FF8C-E46E-52E7-DE0A95BC7AD8}.Debug|Any CPU.Build.0 = Debug|Any CPU
		{7B82FBD9-FF8C-E46E-52E7-DE0A95BC7AD8}.Release|Any CPU.ActiveCfg = Release|Any CPU
		{7B82FBD9-FF8C-E46E-52E7-DE0A95BC7AD8}.Release|Any CPU.Build.0 = Release|Any CPU
		{24AE8A6C-75E3-77BA-DBD7-07CF884112D0}.Debug|Any CPU.ActiveCfg = Debug|Any CPU
		{24AE8A6C-75E3-77BA-DBD7-07CF884112D0}.Debug|Any CPU.Build.0 = Debug|Any CPU
		{24AE8A6C-75E3-77BA-DBD7-07CF884112D0}.Release|Any CPU.ActiveCfg = Release|Any CPU
		{24AE8A6C-75E3-77BA-DBD7-07CF884112D0}.Release|Any CPU.Build.0 = Release|Any CPU
		{BBE3B2B2-D32B-9260-22A6-89C6E55EBDB1}.Debug|Any CPU.ActiveCfg = Debug|Any CPU
		{BBE3B2B2-D32B-9260-22A6-89C6E55EBDB1}.Debug|Any CPU.Build.0 = Debug|Any CPU
		{BBE3B2B2-D32B-9260-22A6-89C6E55EBDB1}.Release|Any CPU.ActiveCfg = Release|Any CPU
		{BBE3B2B2-D32B-9260-22A6-89C6E55EBDB1}.Release|Any CPU.Build.0 = Release|Any CPU
		{D7258E7F-DB2E-4CFB-F39C-697E6F9C05D7}.Debug|Any CPU.ActiveCfg = Debug|Any CPU
		{D7258E7F-DB2E-4CFB-F39C-697E6F9C05D7}.Debug|Any CPU.Build.0 = Debug|Any CPU
		{D7258E7F-DB2E-4CFB-F39C-697E6F9C05D7}.Release|Any CPU.ActiveCfg = Release|Any CPU
		{D7258E7F-DB2E-4CFB-F39C-697E6F9C05D7}.Release|Any CPU.Build.0 = Release|Any CPU
		{442BA6D9-2FBB-4A59-5025-2EED30B3F55B}.Debug|Any CPU.ActiveCfg = Debug|Any CPU
		{442BA6D9-2FBB-4A59-5025-2EED30B3F55B}.Debug|Any CPU.Build.0 = Debug|Any CPU
		{442BA6D9-2FBB-4A59-5025-2EED30B3F55B}.Release|Any CPU.ActiveCfg = Release|Any CPU
		{442BA6D9-2FBB-4A59-5025-2EED30B3F55B}.Release|Any CPU.Build.0 = Release|Any CPU
		{68F4A568-93EB-4A3F-5C47-5AA28C24971A}.Debug|Any CPU.ActiveCfg = Debug|Any CPU
		{68F4A568-93EB-4A3F-5C47-5AA28C24971A}.Debug|Any CPU.Build.0 = Debug|Any CPU
		{68F4A568-93EB-4A3F-5C47-5AA28C24971A}.Release|Any CPU.ActiveCfg = Release|Any CPU
		{68F4A568-93EB-4A3F-5C47-5AA28C24971A}.Release|Any CPU.Build.0 = Release|Any CPU
		{F80181EA-919E-EF09-6B6E-E0621438412A}.Debug|Any CPU.ActiveCfg = Debug|Any CPU
		{F80181EA-919E-EF09-6B6E-E0621438412A}.Debug|Any CPU.Build.0 = Debug|Any CPU
		{F80181EA-919E-EF09-6B6E-E0621438412A}.Release|Any CPU.ActiveCfg = Release|Any CPU
		{F80181EA-919E-EF09-6B6E-E0621438412A}.Release|Any CPU.Build.0 = Release|Any CPU
		{360713CE-EF80-E318-2754-B00CE1F8338D}.Debug|Any CPU.ActiveCfg = Debug|Any CPU
		{360713CE-EF80-E318-2754-B00CE1F8338D}.Debug|Any CPU.Build.0 = Debug|Any CPU
		{360713CE-EF80-E318-2754-B00CE1F8338D}.Release|Any CPU.ActiveCfg = Release|Any CPU
		{360713CE-EF80-E318-2754-B00CE1F8338D}.Release|Any CPU.Build.0 = Release|Any CPU
		{3FED0635-DEC0-C80C-6C7A-52F3AEABFE27}.Debug|Any CPU.ActiveCfg = Debug|Any CPU
		{3FED0635-DEC0-C80C-6C7A-52F3AEABFE27}.Debug|Any CPU.Build.0 = Debug|Any CPU
		{3FED0635-DEC0-C80C-6C7A-52F3AEABFE27}.Release|Any CPU.ActiveCfg = Release|Any CPU
		{3FED0635-DEC0-C80C-6C7A-52F3AEABFE27}.Release|Any CPU.Build.0 = Release|Any CPU
		{F1B38F5B-AE6F-E42B-77D6-57755F5A82B9}.Debug|Any CPU.ActiveCfg = Debug|Any CPU
		{F1B38F5B-AE6F-E42B-77D6-57755F5A82B9}.Debug|Any CPU.Build.0 = Debug|Any CPU
		{F1B38F5B-AE6F-E42B-77D6-57755F5A82B9}.Release|Any CPU.ActiveCfg = Release|Any CPU
		{F1B38F5B-AE6F-E42B-77D6-57755F5A82B9}.Release|Any CPU.Build.0 = Release|Any CPU
		{99AEB5E1-9B34-F1BD-5344-AA01E1A03761}.Debug|Any CPU.ActiveCfg = Debug|Any CPU
		{99AEB5E1-9B34-F1BD-5344-AA01E1A03761}.Debug|Any CPU.Build.0 = Debug|Any CPU
		{99AEB5E1-9B34-F1BD-5344-AA01E1A03761}.Release|Any CPU.ActiveCfg = Release|Any CPU
		{99AEB5E1-9B34-F1BD-5344-AA01E1A03761}.Release|Any CPU.Build.0 = Release|Any CPU
	EndGlobalSection
	GlobalSection(SolutionProperties) = preSolution
		HideSolutionNode = FALSE
	EndGlobalSection
EndGlobal
